
Microsoft Visual Studio Solution File, Format Version 12.00
# Visual Studio Version 16
VisualStudioVersion = 16.0.30611.23
MinimumVisualStudioVersion = 10.0.40219.1
Project("{9A19103F-16F7-4668-BE54-9A1E7A4F7556}") = "EmailFunction", "EmailFunction.csproj", "{03B7FD31-03CA-4E32-B5E5-21EE9FDC5505}"
EndProject
Global
	GlobalSection(SolutionConfigurationPlatforms) = preSolution
		Debug|Any CPU = Debug|Any CPU
		Release|Any CPU = Release|Any CPU
	EndGlobalSection
	GlobalSection(ProjectConfigurationPlatforms) = postSolution
		{03B7FD31-03CA-4E32-B5E5-21EE9FDC5505}.Debug|Any CPU.ActiveCfg = Debug|Any CPU
		{03B7FD31-03CA-4E32-B5E5-21EE9FDC5505}.Debug|Any CPU.Build.0 = Debug|Any CPU
		{03B7FD31-03CA-4E32-B5E5-21EE9FDC5505}.Release|Any CPU.ActiveCfg = Release|Any CPU
		{03B7FD31-03CA-4E32-B5E5-21EE9FDC5505}.Release|Any CPU.Build.0 = Release|Any CPU
	EndGlobalSection
	GlobalSection(SolutionProperties) = preSolution
		HideSolutionNode = FALSE
	EndGlobalSection
	GlobalSection(ExtensibilityGlobals) = postSolution
		SolutionGuid = {AE6B3D0D-9255-45FE-B556-F873587651B2}
	EndGlobalSection
EndGlobal
